// !$*UTF8*$!
{
	archiveVersion = 1;
	classes = {
	};
	objectVersion = 56;
	objects = {

/* Begin PBXBuildFile section */
		F692C94F2BF552AE0090675C /* Assets.xcassets in Resources */ = {isa = PBXBuildFile; fileRef = F692C94E2BF552AE0090675C /* Assets.xcassets */; };
		F692C95C2BF553010090675C /* green forest7 in Resources */ = {isa = PBXBuildFile; fileRef = F692C95B2BF553010090675C /* green forest7 */; };
		F692C95F2BF553380090675C /* practice.cpp in Sources */ = {isa = PBXBuildFile; fileRef = F692C95D2BF553380090675C /* practice.cpp */; };
		F692C9622BF553960090675C /* animate.cpp in Sources */ = {isa = PBXBuildFile; fileRef = F692C9602BF553960090675C /* animate.cpp */; };
		F692C9642BF553DD0090675C /* Assets in Resources */ = {isa = PBXBuildFile; fileRef = F692C9632BF553DD0090675C /* Assets */; };
		F692C9672BF554000090675C /* SDL2.framework in Frameworks */ = {isa = PBXBuildFile; fileRef = F692C9662BF554000090675C /* SDL2.framework */; };
		F692C9682BF554000090675C /* SDL2.framework in Embed Frameworks */ = {isa = PBXBuildFile; fileRef = F692C9662BF554000090675C /* SDL2.framework */; settings = {ATTRIBUTES = (CodeSignOnCopy, RemoveHeadersOnCopy, ); }; };
		F692C96B2BF5540C0090675C /* SDL2_image.framework in Frameworks */ = {isa = PBXBuildFile; fileRef = F692C96A2BF5540C0090675C /* SDL2_image.framework */; };
		F692C96C2BF5540C0090675C /* SDL2_image.framework in Embed Frameworks */ = {isa = PBXBuildFile; fileRef = F692C96A2BF5540C0090675C /* SDL2_image.framework */; settings = {ATTRIBUTES = (CodeSignOnCopy, RemoveHeadersOnCopy, ); }; };
/* End PBXBuildFile section */

/* Begin PBXCopyFilesBuildPhase section */
		F692C9692BF554000090675C /* Embed Frameworks */ = {
			isa = PBXCopyFilesBuildPhase;
			buildActionMask = 2147483647;
			dstPath = "";
			dstSubfolderSpec = 10;
			files = (
				F692C9682BF554000090675C /* SDL2.framework in Embed Frameworks */,
				F692C96C2BF5540C0090675C /* SDL2_image.framework in Embed Frameworks */,
			);
			name = "Embed Frameworks";
			runOnlyForDeploymentPostprocessing = 0;
		};
/* End PBXCopyFilesBuildPhase section */

/* Begin PBXFileReference section */
		F692C9482BF552AB0090675C /* green forest7.app */ = {isa = PBXFileReference; explicitFileType = wrapper.application; includeInIndex = 0; name = "green forest7.app"; path = "/Users/marcspc/Documents/CSC 212/green forest7/build/Debug/green forest7.app"; sourceTree = "<absolute>"; };
		F692C94E2BF552AE0090675C /* Assets.xcassets */ = {isa = PBXFileReference; lastKnownFileType = folder.assetcatalog; path = Assets.xcassets; sourceTree = "<group>"; };
		F692C9552BF552AE0090675C /* green_forest7.entitlements */ = {isa = PBXFileReference; lastKnownFileType = text.plist.entitlements; path = green_forest7.entitlements; sourceTree = "<group>"; };
		F692C95B2BF553010090675C /* green forest7 */ = {isa = PBXFileReference; lastKnownFileType = folder; name = "green forest7"; sourceTree = "<group>"; };
		F692C95D2BF553380090675C /* practice.cpp */ = {isa = PBXFileReference; lastKnownFileType = sourcecode.cpp.cpp; path = practice.cpp; sourceTree = "<group>"; };
		F692C95E2BF553380090675C /* practice.hpp */ = {isa = PBXFileReference; lastKnownFileType = sourcecode.cpp.h; path = practice.hpp; sourceTree = "<group>"; };
		F692C9602BF553960090675C /* animate.cpp */ = {isa = PBXFileReference; fileEncoding = 4; lastKnownFileType = sourcecode.cpp.cpp; name = animate.cpp; path = "../../green forest/animate.cpp"; sourceTree = "<group>"; };
		F692C9612BF553960090675C /* animate.hpp */ = {isa = PBXFileReference; explicitFileType = sourcecode.cpp.h; fileEncoding = 4; name = animate.hpp; path = "../../green forest/animate.hpp"; sourceTree = "<group>"; };
		F692C9632BF553DD0090675C /* Assets */ = {isa = PBXFileReference; lastKnownFileType = folder; name = Assets; path = "../../../../Desktop/SDL_Template-main/Assets"; sourceTree = "<group>"; };
		F692C9662BF554000090675C /* SDL2.framework */ = {isa = PBXFileReference; lastKnownFileType = wrapper.framework; path = SDL2.framework; sourceTree = "<group>"; };
		F692C96A2BF5540C0090675C /* SDL2_image.framework */ = {isa = PBXFileReference; lastKnownFileType = wrapper.framework; path = SDL2_image.framework; sourceTree = "<group>"; };
/* End PBXFileReference section */

/* Begin PBXFrameworksBuildPhase section */
		F692C9452BF552AB0090675C /* Frameworks */ = {
			isa = PBXFrameworksBuildPhase;
			buildActionMask = 2147483647;
			files = (
				F692C9672BF554000090675C /* SDL2.framework in Frameworks */,
				F692C96B2BF5540C0090675C /* SDL2_image.framework in Frameworks */,
			);
			runOnlyForDeploymentPostprocessing = 0;
		};
/* End PBXFrameworksBuildPhase section */

/* Begin PBXGroup section */
		F692C93F2BF552AB0090675C = {
			isa = PBXGroup;
			children = (
				F692C94A2BF552AB0090675C /* green forest7 */,
				F692C9652BF553FF0090675C /* Frameworks */,
			);
			sourceTree = "<group>";
		};
		F692C94A2BF552AB0090675C /* green forest7 */ = {
			isa = PBXGroup;
			children = (
				F692C95B2BF553010090675C /* green forest7 */,
				F692C94E2BF552AE0090675C /* Assets.xcassets */,
				F692C9552BF552AE0090675C /* green_forest7.entitlements */,
				F692C95D2BF553380090675C /* practice.cpp */,
				F692C95E2BF553380090675C /* practice.hpp */,
				F692C9602BF553960090675C /* animate.cpp */,
				F692C9612BF553960090675C /* animate.hpp */,
				F692C9632BF553DD0090675C /* Assets */,
			);
			path = "green forest7";
			sourceTree = "<group>";
		};
		F692C9652BF553FF0090675C /* Frameworks */ = {
			isa = PBXGroup;
			children = (
				F692C96A2BF5540C0090675C /* SDL2_image.framework */,
				F692C9662BF554000090675C /* SDL2.framework */,
			);
			name = Frameworks;
			sourceTree = "<group>";
		};
/* End PBXGroup section */

/* Begin PBXNativeTarget section */
		F692C9472BF552AB0090675C /* green forest7 */ = {
			isa = PBXNativeTarget;
			buildConfigurationList = F692C9582BF552AE0090675C /* Build configuration list for PBXNativeTarget "green forest7" */;
			buildPhases = (
				F692C9442BF552AB0090675C /* Sources */,
				F692C9452BF552AB0090675C /* Frameworks */,
				F692C9462BF552AB0090675C /* Resources */,
				F692C9692BF554000090675C /* Embed Frameworks */,
			);
			buildRules = (
			);
			dependencies = (
			);
			name = "green forest7";
			productName = "green forest7";
			productReference = F692C9482BF552AB0090675C /* green forest7.app */;
			productType = "com.apple.product-type.application";
		};
/* End PBXNativeTarget section */

/* Begin PBXProject section */
		F692C9402BF552AB0090675C /* Project object */ = {
			isa = PBXProject;
			attributes = {
				BuildIndependentTargetsInParallel = 1;
				LastUpgradeCheck = 1530;
				TargetAttributes = {
					F692C9472BF552AB0090675C = {
						CreatedOnToolsVersion = 15.3;
					};
				};
			};
			buildConfigurationList = F692C9432BF552AB0090675C /* Build configuration list for PBXProject "green forest7" */;
			compatibilityVersion = "Xcode 14.0";
			developmentRegion = en;
			hasScannedForEncodings = 0;
			knownRegions = (
				en,
				Base,
			);
			mainGroup = F692C93F2BF552AB0090675C;
			productRefGroup = F692C93F2BF552AB0090675C;
			projectDirPath = "";
			projectRoot = "";
			targets = (
				F692C9472BF552AB0090675C /* green forest7 */,
			);
		};
/* End PBXProject section */

/* Begin PBXResourcesBuildPhase section */
		F692C9462BF552AB0090675C /* Resources */ = {
			isa = PBXResourcesBuildPhase;
			buildActionMask = 2147483647;
			files = (
				F692C95C2BF553010090675C /* green forest7 in Resources */,
				F692C9642BF553DD0090675C /* Assets in Resources */,
				F692C94F2BF552AE0090675C /* Assets.xcassets in Resources */,
			);
			runOnlyForDeploymentPostprocessing = 0;
		};
/* End PBXResourcesBuildPhase section */

/* Begin PBXSourcesBuildPhase section */
		F692C9442BF552AB0090675C /* Sources */ = {
			isa = PBXSourcesBuildPhase;
			buildActionMask = 2147483647;
			files = (
				F692C95F2BF553380090675C /* practice.cpp in Sources */,
				F692C9622BF553960090675C /* animate.cpp in Sources */,
			);
			runOnlyForDeploymentPostprocessing = 0;
		};
/* End PBXSourcesBuildPhase section */

/* Begin XCBuildConfiguration section */
		F692C9562BF552AE0090675C /* Debug */ = {
			isa = XCBuildConfiguration;
			buildSettings = {
				ALWAYS_SEARCH_USER_PATHS = NO;
				ASSETCATALOG_COMPILER_GENERATE_SWIFT_ASSET_SYMBOL_EXTENSIONS = YES;
				CLANG_ANALYZER_NONNULL = YES;
				CLANG_ANALYZER_NUMBER_OBJECT_CONVERSION = YES_AGGRESSIVE;
				CLANG_CXX_LANGUAGE_STANDARD = "gnu++20";
				CLANG_ENABLE_MODULES = YES;
				CLANG_ENABLE_OBJC_ARC = YES;
				CLANG_ENABLE_OBJC_WEAK = YES;
				CLANG_WARN_BLOCK_CAPTURE_AUTORELEASING = YES;
				CLANG_WARN_BOOL_CONVERSION = YES;
				CLANG_WARN_COMMA = YES;
				CLANG_WARN_CONSTANT_CONVERSION = YES;
				CLANG_WARN_DEPRECATED_OBJC_IMPLEMENTATIONS = YES;
				CLANG_WARN_DIRECT_OBJC_ISA_USAGE = YES_ERROR;
				CLANG_WARN_DOCUMENTATION_COMMENTS = YES;
				CLANG_WARN_EMPTY_BODY = YES;
				CLANG_WARN_ENUM_CONVERSION = YES;
				CLANG_WARN_INFINITE_RECURSION = YES;
				CLANG_WARN_INT_CONVERSION = YES;
				CLANG_WARN_NON_LITERAL_NULL_CONVERSION = YES;
				CLANG_WARN_OBJC_IMPLICIT_RETAIN_SELF = YES;
				CLANG_WARN_OBJC_LITERAL_CONVERSION = YES;
				CLANG_WARN_OBJC_ROOT_CLASS = YES_ERROR;
				CLANG_WARN_QUOTED_INCLUDE_IN_FRAMEWORK_HEADER = YES;
				CLANG_WARN_RANGE_LOOP_ANALYSIS = YES;
				CLANG_WARN_STRICT_PROTOTYPES = YES;
				CLANG_WARN_SUSPICIOUS_MOVE = YES;
				CLANG_WARN_UNGUARDED_AVAILABILITY = YES_AGGRESSIVE;
				CLANG_WARN_UNREACHABLE_CODE = YES;
				CLANG_WARN__DUPLICATE_METHOD_MATCH = YES;
				COPY_PHASE_STRIP = NO;
				DEBUG_INFORMATION_FORMAT = dwarf;
				ENABLE_STRICT_OBJC_MSGSEND = YES;
				ENABLE_TESTABILITY = YES;
				ENABLE_USER_SCRIPT_SANDBOXING = YES;
				GCC_C_LANGUAGE_STANDARD = gnu17;
				GCC_DYNAMIC_NO_PIC = NO;
				GCC_NO_COMMON_BLOCKS = YES;
				GCC_OPTIMIZATION_LEVEL = 0;
				GCC_PREPROCESSOR_DEFINITIONS = (
					"DEBUG=1",
					"$(inherited)",
				);
				GCC_WARN_64_TO_32_BIT_CONVERSION = YES;
				GCC_WARN_ABOUT_RETURN_TYPE = YES_ERROR;
				GCC_WARN_UNDECLARED_SELECTOR = YES;
				GCC_WARN_UNINITIALIZED_AUTOS = YES_AGGRESSIVE;
				GCC_WARN_UNUSED_FUNCTION = YES;
				GCC_WARN_UNUSED_VARIABLE = YES;
				LOCALIZATION_PREFERS_STRING_CATALOGS = YES;
				MACOSX_DEPLOYMENT_TARGET = 14.1;
				MTL_ENABLE_DEBUG_INFO = INCLUDE_SOURCE;
				MTL_FAST_MATH = YES;
				ONLY_ACTIVE_ARCH = YES;
				SDKROOT = macosx;
			};
			name = Debug;
		};
		F692C9572BF552AE0090675C /* Release */ = {
			isa = XCBuildConfiguration;
			buildSettings = {
				ALWAYS_SEARCH_USER_PATHS = NO;
				ASSETCATALOG_COMPILER_GENERATE_SWIFT_ASSET_SYMBOL_EXTENSIONS = YES;
				CLANG_ANALYZER_NONNULL = YES;
				CLANG_ANALYZER_NUMBER_OBJECT_CONVERSION = YES_AGGRESSIVE;
				CLANG_CXX_LANGUAGE_STANDARD = "gnu++20";
				CLANG_ENABLE_MODULES = YES;
				CLANG_ENABLE_OBJC_ARC = YES;
				CLANG_ENABLE_OBJC_WEAK = YES;
				CLANG_WARN_BLOCK_CAPTURE_AUTORELEASING = YES;
				CLANG_WARN_BOOL_CONVERSION = YES;
				CLANG_WARN_COMMA = YES;
				CLANG_WARN_CONSTANT_CONVERSION = YES;
				CLANG_WARN_DEPRECATED_OBJC_IMPLEMENTATIONS = YES;
				CLANG_WARN_DIRECT_OBJC_ISA_USAGE = YES_ERROR;
				CLANG_WARN_DOCUMENTATION_COMMENTS = YES;
				CLANG_WARN_EMPTY_BODY = YES;
				CLANG_WARN_ENUM_CONVERSION = YES;
				CLANG_WARN_INFINITE_RECURSION = YES;
				CLANG_WARN_INT_CONVERSION = YES;
				CLANG_WARN_NON_LITERAL_NULL_CONVERSION = YES;
				CLANG_WARN_OBJC_IMPLICIT_RETAIN_SELF = YES;
				CLANG_WARN_OBJC_LITERAL_CONVERSION = YES;
				CLANG_WARN_OBJC_ROOT_CLASS = YES_ERROR;
				CLANG_WARN_QUOTED_INCLUDE_IN_FRAMEWORK_HEADER = YES;
				CLANG_WARN_RANGE_LOOP_ANALYSIS = YES;
				CLANG_WARN_STRICT_PROTOTYPES = YES;
				CLANG_WARN_SUSPICIOUS_MOVE = YES;
				CLANG_WARN_UNGUARDED_AVAILABILITY = YES_AGGRESSIVE;
				CLANG_WARN_UNREACHABLE_CODE = YES;
				CLANG_WARN__DUPLICATE_METHOD_MATCH = YES;
				COPY_PHASE_STRIP = NO;
				DEBUG_INFORMATION_FORMAT = "dwarf-with-dsym";
				ENABLE_NS_ASSERTIONS = NO;
				ENABLE_STRICT_OBJC_MSGSEND = YES;
				ENABLE_USER_SCRIPT_SANDBOXING = YES;
				GCC_C_LANGUAGE_STANDARD = gnu17;
				GCC_NO_COMMON_BLOCKS = YES;
				GCC_WARN_64_TO_32_BIT_CONVERSION = YES;
				GCC_WARN_ABOUT_RETURN_TYPE = YES_ERROR;
				GCC_WARN_UNDECLARED_SELECTOR = YES;
				GCC_WARN_UNINITIALIZED_AUTOS = YES_AGGRESSIVE;
				GCC_WARN_UNUSED_FUNCTION = YES;
				GCC_WARN_UNUSED_VARIABLE = YES;
				LOCALIZATION_PREFERS_STRING_CATALOGS = YES;
				MACOSX_DEPLOYMENT_TARGET = 14.1;
				MTL_ENABLE_DEBUG_INFO = NO;
				MTL_FAST_MATH = YES;
				SDKROOT = macosx;
			};
			name = Release;
		};
		F692C9592BF552AE0090675C /* Debug */ = {
			isa = XCBuildConfiguration;
			buildSettings = {
				ASSETCATALOG_COMPILER_APPICON_NAME = AppIcon;
				ASSETCATALOG_COMPILER_GLOBAL_ACCENT_COLOR_NAME = AccentColor;
				CODE_SIGN_ENTITLEMENTS = "green forest7/green_forest7.entitlements";
				CODE_SIGN_STYLE = Automatic;
				COMBINE_HIDPI_IMAGES = YES;
				CURRENT_PROJECT_VERSION = 1;
				DEVELOPMENT_TEAM = 3U6PQG2LYH;
				ENABLE_HARDENED_RUNTIME = YES;
				FRAMEWORK_SEARCH_PATHS = (
					"$(inherited)",
					"$(PROJECT_DIR)",
				);
				GENERATE_INFOPLIST_FILE = YES;
				INFOPLIST_KEY_NSHumanReadableCopyright = "";
				INFOPLIST_KEY_NSMainNibFile = MainMenu;
				INFOPLIST_KEY_NSPrincipalClass = NSApplication;
				LD_RUNPATH_SEARCH_PATHS = (
					"$(inherited)",
					"@executable_path/../Frameworks",
				);
				MARKETING_VERSION = 1.0;
				PRODUCT_BUNDLE_IDENTIFIER = "pau.green-forest7";
				PRODUCT_NAME = "$(TARGET_NAME)";
				SWIFT_EMIT_LOC_STRINGS = YES;
			};
			name = Debug;
		};
		F692C95A2BF552AE0090675C /* Release */ = {
			isa = XCBuildConfiguration;
			buildSettings = {
				ASSETCATALOG_COMPILER_APPICON_NAME = AppIcon;
				ASSETCATALOG_COMPILER_GLOBAL_ACCENT_COLOR_NAME = AccentColor;
				CODE_SIGN_ENTITLEMENTS = "green forest7/green_forest7.entitlements";
				CODE_SIGN_STYLE = Automatic;
				COMBINE_HIDPI_IMAGES = YES;
				CURRENT_PROJECT_VERSION = 1;
				DEVELOPMENT_TEAM = 3U6PQG2LYH;
				ENABLE_HARDENED_RUNTIME = YES;
				FRAMEWORK_SEARCH_PATHS = (
					"$(inherited)",
					"$(PROJECT_DIR)",
				);
				GENERATE_INFOPLIST_FILE = YES;
				INFOPLIST_KEY_NSHumanReadableCopyright = "";
				INFOPLIST_KEY_NSMainNibFile = MainMenu;
				INFOPLIST_KEY_NSPrincipalClass = NSApplication;
				LD_RUNPATH_SEARCH_PATHS = (
					"$(inherited)",
					"@executable_path/../Frameworks",
				);
				MARKETING_VERSION = 1.0;
				PRODUCT_BUNDLE_IDENTIFIER = "pau.green-forest7";
				PRODUCT_NAME = "$(TARGET_NAME)";
				SWIFT_EMIT_LOC_STRINGS = YES;
			};
			name = Release;
		};
/* End XCBuildConfiguration section */

/* Begin XCConfigurationList section */
		F692C9432BF552AB0090675C /* Build configuration list for PBXProject "green forest7" */ = {
			isa = XCConfigurationList;
			buildConfigurations = (
				F692C9562BF552AE0090675C /* Debug */,
				F692C9572BF552AE0090675C /* Release */,
			);
			defaultConfigurationIsVisible = 0;
			defaultConfigurationName = Release;
		};
		F692C9582BF552AE0090675C /* Build configuration list for PBXNativeTarget "green forest7" */ = {
			isa = XCConfigurationList;
			buildConfigurations = (
				F692C9592BF552AE0090675C /* Debug */,
				F692C95A2BF552AE0090675C /* Release */,
			);
			defaultConfigurationIsVisible = 0;
			defaultConfigurationName = Release;
		};
/* End XCConfigurationList section */
	};
	rootObject = F692C9402BF552AB0090675C /* Project object */;
}
